
Microsoft Visual Studio Solution File, Format Version 12.00
Project("{FAE04EC0-301F-11D3-BF4B-00C04F79EFBC}") = "ContosoUniversity", "ContosoUniversity.csproj", "{B620D1AB-0E0D-48A9-A605-9FD322DB2541}"
EndProject
Global
	GlobalSection(SolutionConfigurationPlatforms) = preSolution
		Debug|Any CPU = Debug|Any CPU
		Release|Any CPU = Release|Any CPU
	EndGlobalSection
	GlobalSection(ProjectConfigurationPlatforms) = postSolution
		{B620D1AB-0E0D-48A9-A605-9FD322DB2541}.Debug|Any CPU.ActiveCfg = Debug|Any CPU
		{B620D1AB-0E0D-48A9-A605-9FD322DB2541}.Debug|Any CPU.Build.0 = Debug|Any CPU
		{B620D1AB-0E0D-48A9-A605-9FD322DB2541}.Release|Any CPU.ActiveCfg = Release|Any CPU
		{B620D1AB-0E0D-48A9-A605-9FD322DB2541}.Release|Any CPU.Build.0 = Release|Any CPU
	EndGlobalSection
EndGlobal
